
Microsoft Visual Studio Solution File, Format Version 12.00
Project("{FAE04EC0-301F-11D3-BF4B-00C04F79EFBC}") = "Miyu", "Miyu\Miyu.csproj", "{30DD1AE5-7915-4EF7-ACCF-423D92ACA950}"
EndProject
Project("{FAE04EC0-301F-11D3-BF4B-00C04F79EFBC}") = "Miyu.Tests", "Miyu.Tests\Miyu.Tests.csproj", "{6837EB92-CDE2-4BA6-B4F7-E3AA0502D2A3}"
EndProject
Project("{FAE04EC0-301F-11D3-BF4B-00C04F79EFBC}") = "Midori", "Library\Midori\Midori\Midori.csproj", "{9BF7A618-89FB-48BF-965D-FAAA7D5FC430}"
EndProject
Project("{FAE04EC0-301F-11D3-BF4B-00C04F79EFBC}") = "Miyu.UI", "Miyu.UI\Miyu.UI.csproj", "{8016DD9A-5F00-44A9-91FD-C4472BA020CE}"
EndProject
Project("{FAE04EC0-301F-11D3-BF4B-00C04F79EFBC}") = "Miyu.UI.Android", "Miyu.UI.Android\Miyu.UI.Android.csproj", "{061E22CB-949D-466F-8C9F-4501DF9B2E36}"
EndProject
Project("{FAE04EC0-301F-11D3-BF4B-00C04F79EFBC}") = "osu.Framework", "Library\Framework\osu.Framework\osu.Framework.csproj", "{71274CF5-CC7C-4D6A-8830-D0056341EB48}"
EndProject
Project("{FAE04EC0-301F-11D3-BF4B-00C04F79EFBC}") = "osu.Framework.Android", "Library\Framework\osu.Framework.Android\osu.Framework.Android.csproj", "{19392CE4-323A-4D15-9A86-18F051A879FD}"
EndProject
Project("{FAE04EC0-301F-11D3-BF4B-00C04F79EFBC}") = "Miyu.UI.Desktop", "Miyu.UI.Desktop\Miyu.UI.Desktop.csproj", "{DB8BB4E6-1A36-4D98-97DB-A740307342C3}"
EndProject
Project("{2150E333-8FDC-42A3-9474-1A3956D46DE8}") = "Libraries", "Libraries", "{57D50BBE-44CF-4B6B-B2D0-E4C92355043F}"
EndProject
Project("{2150E333-8FDC-42A3-9474-1A3956D46DE8}") = "Miyu", "Miyu", "{57D50BBE-44CF-4B6B-B2D0-E4C92355043D}"
EndProject
Project("{2150E333-8FDC-42A3-9474-1A3956D46DE8}") = "Android", "Android", "{57D50BBE-44CF-4B6B-B2D0-E4C92355043A}"
EndProject
Project("{FAE04EC0-301F-11D3-BF4B-00C04F79EFBC}") = "Miyu.Native", "Miyu.Native\Miyu.Native.csproj", "{F738F993-A3B0-4814-B68B-6F74D87E7A22}"
EndProject
Global
	GlobalSection(NestedProjects) = preSolution
		{30DD1AE5-7915-4EF7-ACCF-423D92ACA950} = {57D50BBE-44CF-4B6B-B2D0-E4C92355043D}
		{6837EB92-CDE2-4BA6-B4F7-E3AA0502D2A3} = {57D50BBE-44CF-4B6B-B2D0-E4C92355043D}
		{9BF7A618-89FB-48BF-965D-FAAA7D5FC430} = {57D50BBE-44CF-4B6B-B2D0-E4C92355043F}
		{DB8BB4E6-1A36-4D98-97DB-A740307342C3} = {57D50BBE-44CF-4B6B-B2D0-E4C92355043D}
		{8016DD9A-5F00-44A9-91FD-C4472BA020CE} = {57D50BBE-44CF-4B6B-B2D0-E4C92355043D}
		{061E22CB-949D-466F-8C9F-4501DF9B2E36} = {57D50BBE-44CF-4B6B-B2D0-E4C92355043A}
		{71274CF5-CC7C-4D6A-8830-D0056341EB48} = {57D50BBE-44CF-4B6B-B2D0-E4C92355043F}
		{19392CE4-323A-4D15-9A86-18F051A879FD} = {57D50BBE-44CF-4B6B-B2D0-E4C92355043A}
		{F738F993-A3B0-4814-B68B-6F74D87E7A22} = {57D50BBE-44CF-4B6B-B2D0-E4C92355043F}
	EndGlobalSection
	GlobalSection(SolutionConfigurationPlatforms) = preSolution
		Debug|Any CPU = Debug|Any CPU
		Release|Any CPU = Release|Any CPU
	EndGlobalSection
	GlobalSection(ProjectConfigurationPlatforms) = postSolution
		{30DD1AE5-7915-4EF7-ACCF-423D92ACA950}.Debug|Any CPU.ActiveCfg = Debug|Any CPU
		{30DD1AE5-7915-4EF7-ACCF-423D92ACA950}.Debug|Any CPU.Build.0 = Debug|Any CPU
		{30DD1AE5-7915-4EF7-ACCF-423D92ACA950}.Release|Any CPU.ActiveCfg = Release|Any CPU
		{30DD1AE5-7915-4EF7-ACCF-423D92ACA950}.Release|Any CPU.Build.0 = Release|Any CPU
		{6837EB92-CDE2-4BA6-B4F7-E3AA0502D2A3}.Debug|Any CPU.ActiveCfg = Debug|Any CPU
		{6837EB92-CDE2-4BA6-B4F7-E3AA0502D2A3}.Debug|Any CPU.Build.0 = Debug|Any CPU
		{6837EB92-CDE2-4BA6-B4F7-E3AA0502D2A3}.Release|Any CPU.ActiveCfg = Release|Any CPU
		{6837EB92-CDE2-4BA6-B4F7-E3AA0502D2A3}.Release|Any CPU.Build.0 = Release|Any CPU
		{9BF7A618-89FB-48BF-965D-FAAA7D5FC430}.Debug|Any CPU.ActiveCfg = Debug|Any CPU
		{9BF7A618-89FB-48BF-965D-FAAA7D5FC430}.Debug|Any CPU.Build.0 = Debug|Any CPU
		{9BF7A618-89FB-48BF-965D-FAAA7D5FC430}.Release|Any CPU.ActiveCfg = Release|Any CPU
		{9BF7A618-89FB-48BF-965D-FAAA7D5FC430}.Release|Any CPU.Build.0 = Release|Any CPU
		{8016DD9A-5F00-44A9-91FD-C4472BA020CE}.Debug|Any CPU.ActiveCfg = Debug|Any CPU
		{8016DD9A-5F00-44A9-91FD-C4472BA020CE}.Debug|Any CPU.Build.0 = Debug|Any CPU
		{8016DD9A-5F00-44A9-91FD-C4472BA020CE}.Release|Any CPU.ActiveCfg = Release|Any CPU
		{8016DD9A-5F00-44A9-91FD-C4472BA020CE}.Release|Any CPU.Build.0 = Release|Any CPU
		{71274CF5-CC7C-4D6A-8830-D0056341EB48}.Debug|Any CPU.ActiveCfg = Debug|Any CPU
		{71274CF5-CC7C-4D6A-8830-D0056341EB48}.Debug|Any CPU.Build.0 = Debug|Any CPU
		{71274CF5-CC7C-4D6A-8830-D0056341EB48}.Release|Any CPU.ActiveCfg = Release|Any CPU
		{71274CF5-CC7C-4D6A-8830-D0056341EB48}.Release|Any CPU.Build.0 = Release|Any CPU
		{061E22CB-949D-466F-8C9F-4501DF9B2E36}.Debug|Any CPU.ActiveCfg = Debug|Any CPU
		{061E22CB-949D-466F-8C9F-4501DF9B2E36}.Release|Any CPU.ActiveCfg = Release|Any CPU
		{061E22CB-949D-466F-8C9F-4501DF9B2E36}.Release|Any CPU.Build.0 = Release|Any CPU
		{19392CE4-323A-4D15-9A86-18F051A879FD}.Debug|Any CPU.ActiveCfg = Debug|Any CPU
		{19392CE4-323A-4D15-9A86-18F051A879FD}.Release|Any CPU.ActiveCfg = Release|Any CPU
		{19392CE4-323A-4D15-9A86-18F051A879FD}.Release|Any CPU.Build.0 = Release|Any CPU
		{DB8BB4E6-1A36-4D98-97DB-A740307342C3}.Debug|Any CPU.ActiveCfg = Debug|Any CPU
		{DB8BB4E6-1A36-4D98-97DB-A740307342C3}.Debug|Any CPU.Build.0 = Debug|Any CPU
		{DB8BB4E6-1A36-4D98-97DB-A740307342C3}.Release|Any CPU.ActiveCfg = Release|Any CPU
		{DB8BB4E6-1A36-4D98-97DB-A740307342C3}.Release|Any CPU.Build.0 = Release|Any CPU
		{F738F993-A3B0-4814-B68B-6F74D87E7A22}.Debug|Any CPU.ActiveCfg = Debug|Any CPU
		{F738F993-A3B0-4814-B68B-6F74D87E7A22}.Debug|Any CPU.Build.0 = Debug|Any CPU
		{F738F993-A3B0-4814-B68B-6F74D87E7A22}.Release|Any CPU.ActiveCfg = Release|Any CPU
		{F738F993-A3B0-4814-B68B-6F74D87E7A22}.Release|Any CPU.Build.0 = Release|Any CPU
	EndGlobalSection
EndGlobal
